{
  "name": "airlock-runtime-node-deps",
  "version": "1.0.0",
  "lockfileVersion": 3,
  "requires": true,
  "packages": {
    "": {
      "name": "airlock-runtime-node-deps",
      "version": "1.0.0",
      "license": "UNLICENSED",
      "dependencies": {
        "csv-parse": "7.0.3",
        "csv-stringify": "6.9.0",
        "simple-statistics": "7.12.0"
      }
    },
    "node_modules/csv-parse": {
      "version": "7.0.3",
      "resolved": "https://registry.npmjs.org/csv-parse/-/csv-parse-7.0.3.tgz",
      "integrity": "sha512-YFd3QM/yo17vH91L1IOZuvl09zM0zEEtdfTcOCKWcMdM++MNaQSyp09slXyFCLaPXvHstQFx/xC8myiFHSMUvw==",
      "license": "MIT"
    },
    "node_modules/csv-stringify": {
      "version": "6.9.0",
      "resolved": "https://registry.npmjs.org/csv-stringify/-/csv-stringify-6.9.0.tgz",
      "integrity": "sha512-6b3e29CILFfSQ2nDRuZMRROzQOpPuJ+s8zPB5H7eK5ncXBbFOyVuRLU5Sx/zAUmVri3Ly49GyC8NEme4SVSAbA==",
      "license": "MIT"
    },
    "node_modules/simple-statistics": {
      "version": "7.12.0",
      "resolved": "https://registry.npmjs.org/simple-statistics/-/simple-statistics-7.12.0.tgz",
      "integrity": "sha512-ESS3eJRxeQe8+p8R67nMGtl+vSziJLTqdnPcd+psKi2Xn/TX5PW5z0YwBxa8P3nSzgZzBI5sf7SvUdK8imL79Q==",
      "license": "ISC",
      "engines": {
        "node": "*"
      }
    }
  }
}
